{
  "version": "5",
  "remote": {
    "https://edge.netlify.com/": "fd941d61d88673d5f28aab283fb86fcc50f08a3bc80ee5470498fcfa88c65cfb",
    "https://edge.netlify.com/bootstrap/config.ts": "6a2ce0e544e15e8f8883a5c18da5948e37fd0f2619f68cb31f3af53c51817025",
    "https://edge.netlify.com/bootstrap/context.ts": "72496497b40d9e808f419efc764ecb438952a32f61ed94cd54952fc59f17f69d",
    "https://edge.netlify.com/bootstrap/cookie.ts": "8b0baae708989ca183c6f3b4ab3d029e6abcbc2e43f93edeb0ff447b3bbc3a05",
    "https://edge.netlify.com/bootstrap/edge_function.ts": "b8253e86aa83c67341f5cfedeba5049d77fbf84dcab7eceff7566b7728ae9b39",
    "https://edge.netlify.com/bootstrap/globals/types.ts": "eaa6148ded3121d8dee62dd91c86e7fe76601df0f3ca8d7962243a30f4c8935f"
  },
  "workspace": {
    "packageJson": {
      "dependencies": [
        "npm:@aws-sdk/client-ses@^3.540.0",
        "npm:@ckeditor/ckeditor5-alignment@40",
        "npm:@ckeditor/ckeditor5-autoformat@40",
        "npm:@ckeditor/ckeditor5-basic-styles@40",
        "npm:@ckeditor/ckeditor5-block-quote@40",
        "npm:@ckeditor/ckeditor5-build-classic@40",
        "npm:@ckeditor/ckeditor5-build-decoupled-document@40",
        "npm:@ckeditor/ckeditor5-cloud-services@40",
        "npm:@ckeditor/ckeditor5-essentials@40",
        "npm:@ckeditor/ckeditor5-heading@40",
        "npm:@ckeditor/ckeditor5-image@40",
        "npm:@ckeditor/ckeditor5-indent@40",
        "npm:@ckeditor/ckeditor5-link@40",
        "npm:@ckeditor/ckeditor5-list@40",
        "npm:@ckeditor/ckeditor5-media-embed@40",
        "npm:@ckeditor/ckeditor5-paragraph@40",
        "npm:@ckeditor/ckeditor5-paste-from-office@40",
        "npm:@ckeditor/ckeditor5-table@40",
        "npm:@ckeditor/ckeditor5-typing@40",
        "npm:@ckeditor/ckeditor5-vue2@^3.0.1",
        "npm:@editorjs/editorjs@^2.28.2",
        "npm:@fullcalendar/core@^6.1.9",
        "npm:@fullcalendar/daygrid@^6.1.9",
        "npm:@fullcalendar/interaction@^6.1.9",
        "npm:@fullcalendar/list@^6.1.9",
        "npm:@fullcalendar/timegrid@^6.1.9",
        "npm:@fullcalendar/vue@^6.1.9",
        "npm:@nuxtjs/axios@^5.13.6",
        "npm:@nuxtjs/dotenv@1.4.1",
        "npm:@nuxtjs/dotenv@^1.4.1",
        "npm:@nuxtjs/sitemap@^2.4.0",
        "npm:@nuxtjs/vuetify@^1.12.3",
        "npm:@shoelace-style/shoelace@^2.9.0",
        "npm:@stripe/stripe-js@^1.54.1",
        "npm:@supabase/supabase-js@^2.24.0",
        "npm:@vue/cli-plugin-babel@4.5",
        "npm:@vue/cli-plugin-eslint@4.5",
        "npm:@vue/cli-service@4.5",
        "npm:@wangeditor/editor-for-vue@^1.0.2",
        "npm:@wangeditor/editor@^5.1.23",
        "npm:aos@^2.3.4",
        "npm:axios@~0.21.4",
        "npm:babel-eslint@^10.1.0",
        "npm:bcryptjs@^2.4.3",
        "npm:bootstrap-vue@^2.21.2",
        "npm:bootstrap@^4.6.0",
        "npm:cheerio@^1.0.0-rc.12",
        "npm:compromise@^14.10.0",
        "npm:core-js@^3.19.3",
        "npm:cron@^2.4.0",
        "npm:css-loader@^4.2.0",
        "npm:dotenv@^16.3.1",
        "npm:eslint-plugin-vue@^6.2.2",
        "npm:eslint@^6.7.2",
        "npm:fullcalendar@^6.1.9",
        "npm:gpt-3-encoder@^1.1.4",
        "npm:html-to-pdfmake@^2.4.25",
        "npm:html2pdf.js@~0.10.1",
        "npm:jquery@^3.7.1",
        "npm:jszip@^3.10.1",
        "npm:jwt-decode@^3.1.2",
        "npm:katex@~0.16.8",
        "npm:limiter@^2.1.0",
        "npm:lodash@^4.17.21",
        "npm:natural@^6.5.0",
        "npm:netlify-cli@^15.8.1",
        "npm:node-fetch@^3.3.1",
        "npm:nuxt@^2.15.8",
        "npm:openai@^3.2.1",
        "npm:pdfmake@~0.2.7",
        "npm:randomstring@^1.3.0",
        "npm:resend@1",
        "npm:shepherd.js@^9.1.0",
        "npm:short-uuid@^4.2.0",
        "npm:spinkit@^2.0.1",
        "npm:stripe@^12.11.0",
        "npm:striptags@^3.2.0",
        "npm:suneditor@^2.45.1",
        "npm:v-click-outside@^3.2.0",
        "npm:vue-clickaway@^2.2.2",
        "npm:vue-router@^3.5.1",
        "npm:vue-server-renderer@^2.6.14",
        "npm:vue-template-compiler@^2.6.11",
        "npm:vue-template-compiler@^2.6.14",
        "npm:vue@^2.6.14",
        "npm:vuejs-datepicker@^1.6.2",
        "npm:vuetify@^2.6.1",
        "npm:vuex-persist@^3.1.3",
        "npm:webpack@^4.46.0"
      ]
    }
  }
}
